
Microsoft Visual Studio Solution File, Format Version 12.00
# Visual Studio 14
VisualStudioVersion = 14.0.22823.1
MinimumVisualStudioVersion = 10.0.40219.1
Project("{2150E333-8FDC-42A3-9474-1A3956D46DE8}") = "src", "src", "{C290B964-7ACF-4E4E-A797-3A923C349F2F}"
EndProject
Project("{2150E333-8FDC-42A3-9474-1A3956D46DE8}") = "Solution Items", "Solution Items", "{6FC176F8-0B1B-461A-8382-4A21C54F0A6D}"
	ProjectSection(SolutionItems) = preProject
		BucketPolicy.txt = BucketPolicy.txt
		BucketPolicy2.txt = BucketPolicy2.txt
		CORS.Config.txt = CORS.Config.txt
		global.json = global.json
		ReadMe.txt = ReadMe.txt
	EndProjectSection
EndProject
Project("{8BB2217D-0F2D-49D1-97BC-3654ED321F3B}") = "Sukul.Recipes.Web", "src\Sukul.Recipes.Web\Sukul.Recipes.Web.xproj", "{44ED6CE6-9418-4ABA-BD4D-B5EDC521357B}"
EndProject
Global
	GlobalSection(SolutionConfigurationPlatforms) = preSolution
		Debug|Any CPU = Debug|Any CPU
		Release|Any CPU = Release|Any CPU
	EndGlobalSection
	GlobalSection(ProjectConfigurationPlatforms) = postSolution
		{44ED6CE6-9418-4ABA-BD4D-B5EDC521357B}.Debug|Any CPU.ActiveCfg = Debug|Any CPU
		{44ED6CE6-9418-4ABA-BD4D-B5EDC521357B}.Debug|Any CPU.Build.0 = Debug|Any CPU
		{44ED6CE6-9418-4ABA-BD4D-B5EDC521357B}.Release|Any CPU.ActiveCfg = Release|Any CPU
		{44ED6CE6-9418-4ABA-BD4D-B5EDC521357B}.Release|Any CPU.Build.0 = Release|Any CPU
	EndGlobalSection
	GlobalSection(SolutionProperties) = preSolution
		HideSolutionNode = FALSE
	EndGlobalSection
	GlobalSection(NestedProjects) = preSolution
		{44ED6CE6-9418-4ABA-BD4D-B5EDC521357B} = {C290B964-7ACF-4E4E-A797-3A923C349F2F}
	EndGlobalSection
EndGlobal
